// !$*UTF8*$!
{
	archiveVersion = 1;
	classes = {
	};
	objectVersion = 56;
	objects = {

/* Begin PBXBuildFile section */
		905B56102A276DE700FBDF66 /* AppDelegate.swift in Sources */ = {isa = PBXBuildFile; fileRef = 905B560F2A276DE700FBDF66 /* AppDelegate.swift */; };
		905B56122A276DE700FBDF66 /* SceneDelegate.swift in Sources */ = {isa = PBXBuildFile; fileRef = 905B56112A276DE700FBDF66 /* SceneDelegate.swift */; };
		905B56192A276DE800FBDF66 /* Assets.xcassets in Resources */ = {isa = PBXBuildFile; fileRef = 905B56182A276DE800FBDF66 /* Assets.xcassets */; };
		905B561C2A276DE800FBDF66 /* LaunchScreen.storyboard in Resources */ = {isa = PBXBuildFile; fileRef = 905B561A2A276DE800FBDF66 /* LaunchScreen.storyboard */; };
		905B56252A276EDC00FBDF66 /* MainViewController.swift in Sources */ = {isa = PBXBuildFile; fileRef = 905B56242A276EDC00FBDF66 /* MainViewController.swift */; };
		905B56282A276FD200FBDF66 /* RxCocoa in Frameworks */ = {isa = PBXBuildFile; productRef = 905B56272A276FD200FBDF66 /* RxCocoa */; };
		905B562A2A276FD200FBDF66 /* RxRelay in Frameworks */ = {isa = PBXBuildFile; productRef = 905B56292A276FD200FBDF66 /* RxRelay */; };
		905B562C2A276FD200FBDF66 /* RxSwift in Frameworks */ = {isa = PBXBuildFile; productRef = 905B562B2A276FD200FBDF66 /* RxSwift */; };
		905B562F2A276FEA00FBDF66 /* SnapKit in Frameworks */ = {isa = PBXBuildFile; productRef = 905B562E2A276FEA00FBDF66 /* SnapKit */; };
		905B56312A27709400FBDF66 /* MainViewModel.swift in Sources */ = {isa = PBXBuildFile; fileRef = 905B56302A27709400FBDF66 /* MainViewModel.swift */; };
		905B56352A27734100FBDF66 /* TitleTextFieldCell.swift in Sources */ = {isa = PBXBuildFile; fileRef = 905B56342A27734100FBDF66 /* TitleTextFieldCell.swift */; };
		905B56372A27735000FBDF66 /* TitleTextFieldViewModel.swift in Sources */ = {isa = PBXBuildFile; fileRef = 905B56362A27735000FBDF66 /* TitleTextFieldViewModel.swift */; };
		905B563A2A2773BC00FBDF66 /* Category.swift in Sources */ = {isa = PBXBuildFile; fileRef = 905B56392A2773BC00FBDF66 /* Category.swift */; };
		905B563D2A27755100FBDF66 /* CategoryListViewController.swift in Sources */ = {isa = PBXBuildFile; fileRef = 905B563C2A27755100FBDF66 /* CategoryListViewController.swift */; };
		905B563F2A27755F00FBDF66 /* CategoryListViewModel.swift in Sources */ = {isa = PBXBuildFile; fileRef = 905B563E2A27755F00FBDF66 /* CategoryListViewModel.swift */; };
		905B56422A27783D00FBDF66 /* PriceTextFieldCell.swift in Sources */ = {isa = PBXBuildFile; fileRef = 905B56412A27783D00FBDF66 /* PriceTextFieldCell.swift */; };
		905B56442A27784D00FBDF66 /* PriceTextFieldViewModel.swift in Sources */ = {isa = PBXBuildFile; fileRef = 905B56432A27784D00FBDF66 /* PriceTextFieldViewModel.swift */; };
		905B56472A277BE800FBDF66 /* DetailWriteFormCell.swift in Sources */ = {isa = PBXBuildFile; fileRef = 905B56462A277BE800FBDF66 /* DetailWriteFormCell.swift */; };
		905B56492A277BF700FBDF66 /* DetailWriteFromViewModel.swift in Sources */ = {isa = PBXBuildFile; fileRef = 905B56482A277BF700FBDF66 /* DetailWriteFromViewModel.swift */; };
		905B564B2A277FB300FBDF66 /* MainModel.swift in Sources */ = {isa = PBXBuildFile; fileRef = 905B564A2A277FB300FBDF66 /* MainModel.swift */; };
/* End PBXBuildFile section */

/* Begin PBXFileReference section */
		905B560C2A276DE700FBDF66 /* UploadUsedGoodsApp.app */ = {isa = PBXFileReference; explicitFileType = wrapper.application; includeInIndex = 0; path = UploadUsedGoodsApp.app; sourceTree = BUILT_PRODUCTS_DIR; };
		905B560F2A276DE700FBDF66 /* AppDelegate.swift */ = {isa = PBXFileReference; lastKnownFileType = sourcecode.swift; path = AppDelegate.swift; sourceTree = "<group>"; };
		905B56112A276DE700FBDF66 /* SceneDelegate.swift */ = {isa = PBXFileReference; lastKnownFileType = sourcecode.swift; path = SceneDelegate.swift; sourceTree = "<group>"; };
		905B56182A276DE800FBDF66 /* Assets.xcassets */ = {isa = PBXFileReference; lastKnownFileType = folder.assetcatalog; path = Assets.xcassets; sourceTree = "<group>"; };
		905B561B2A276DE800FBDF66 /* Base */ = {isa = PBXFileReference; lastKnownFileType = file.storyboard; name = Base; path = Base.lproj/LaunchScreen.storyboard; sourceTree = "<group>"; };
		905B561D2A276DE800FBDF66 /* Info.plist */ = {isa = PBXFileReference; lastKnownFileType = text.plist.xml; path = Info.plist; sourceTree = "<group>"; };
		905B56242A276EDC00FBDF66 /* MainViewController.swift */ = {isa = PBXFileReference; lastKnownFileType = sourcecode.swift; path = MainViewController.swift; sourceTree = "<group>"; };
		905B56302A27709400FBDF66 /* MainViewModel.swift */ = {isa = PBXFileReference; lastKnownFileType = sourcecode.swift; path = MainViewModel.swift; sourceTree = "<group>"; };
		905B56342A27734100FBDF66 /* TitleTextFieldCell.swift */ = {isa = PBXFileReference; lastKnownFileType = sourcecode.swift; path = TitleTextFieldCell.swift; sourceTree = "<group>"; };
		905B56362A27735000FBDF66 /* TitleTextFieldViewModel.swift */ = {isa = PBXFileReference; lastKnownFileType = sourcecode.swift; path = TitleTextFieldViewModel.swift; sourceTree = "<group>"; };
		905B56392A2773BC00FBDF66 /* Category.swift */ = {isa = PBXFileReference; lastKnownFileType = sourcecode.swift; path = Category.swift; sourceTree = "<group>"; };
		905B563C2A27755100FBDF66 /* CategoryListViewController.swift */ = {isa = PBXFileReference; lastKnownFileType = sourcecode.swift; path = CategoryListViewController.swift; sourceTree = "<group>"; };
		905B563E2A27755F00FBDF66 /* CategoryListViewModel.swift */ = {isa = PBXFileReference; lastKnownFileType = sourcecode.swift; path = CategoryListViewModel.swift; sourceTree = "<group>"; };
		905B56412A27783D00FBDF66 /* PriceTextFieldCell.swift */ = {isa = PBXFileReference; lastKnownFileType = sourcecode.swift; path = PriceTextFieldCell.swift; sourceTree = "<group>"; };
		905B56432A27784D00FBDF66 /* PriceTextFieldViewModel.swift */ = {isa = PBXFileReference; lastKnownFileType = sourcecode.swift; path = PriceTextFieldViewModel.swift; sourceTree = "<group>"; };
		905B56462A277BE800FBDF66 /* DetailWriteFormCell.swift */ = {isa = PBXFileReference; lastKnownFileType = sourcecode.swift; path = DetailWriteFormCell.swift; sourceTree = "<group>"; };
		905B56482A277BF700FBDF66 /* DetailWriteFromViewModel.swift */ = {isa = PBXFileReference; lastKnownFileType = sourcecode.swift; path = DetailWriteFromViewModel.swift; sourceTree = "<group>"; };
		905B564A2A277FB300FBDF66 /* MainModel.swift */ = {isa = PBXFileReference; lastKnownFileType = sourcecode.swift; path = MainModel.swift; sourceTree = "<group>"; };
/* End PBXFileReference section */

/* Begin PBXFrameworksBuildPhase section */
		905B56092A276DE700FBDF66 /* Frameworks */ = {
			isa = PBXFrameworksBuildPhase;
			buildActionMask = 2147483647;
			files = (
				905B562C2A276FD200FBDF66 /* RxSwift in Frameworks */,
				905B562F2A276FEA00FBDF66 /* SnapKit in Frameworks */,
				905B562A2A276FD200FBDF66 /* RxRelay in Frameworks */,
				905B56282A276FD200FBDF66 /* RxCocoa in Frameworks */,
			);
			runOnlyForDeploymentPostprocessing = 0;
		};
/* End PBXFrameworksBuildPhase section */

/* Begin PBXGroup section */
		905B56032A276DE700FBDF66 = {
			isa = PBXGroup;
			children = (
				905B560E2A276DE700FBDF66 /* UploadUsedGoodsApp */,
				905B560D2A276DE700FBDF66 /* Products */,
			);
			sourceTree = "<group>";
		};
		905B560D2A276DE700FBDF66 /* Products */ = {
			isa = PBXGroup;
			children = (
				905B560C2A276DE700FBDF66 /* UploadUsedGoodsApp.app */,
			);
			name = Products;
			sourceTree = "<group>";
		};
		905B560E2A276DE700FBDF66 /* UploadUsedGoodsApp */ = {
			isa = PBXGroup;
			children = (
				905B560F2A276DE700FBDF66 /* AppDelegate.swift */,
				905B56112A276DE700FBDF66 /* SceneDelegate.swift */,
				905B56382A2773AA00FBDF66 /* Entities */,
				905B56232A276ECA00FBDF66 /* MainViewController */,
				905B56182A276DE800FBDF66 /* Assets.xcassets */,
				905B561A2A276DE800FBDF66 /* LaunchScreen.storyboard */,
				905B561D2A276DE800FBDF66 /* Info.plist */,
			);
			path = UploadUsedGoodsApp;
			sourceTree = "<group>";
		};
		905B56232A276ECA00FBDF66 /* MainViewController */ = {
			isa = PBXGroup;
			children = (
				905B56242A276EDC00FBDF66 /* MainViewController.swift */,
				905B56302A27709400FBDF66 /* MainViewModel.swift */,
				905B564A2A277FB300FBDF66 /* MainModel.swift */,
				905B56322A27730A00FBDF66 /* SubComponents */,
			);
			path = MainViewController;
			sourceTree = "<group>";
		};
		905B56322A27730A00FBDF66 /* SubComponents */ = {
			isa = PBXGroup;
			children = (
				905B56332A27731C00FBDF66 /* TitleTextFieldCell */,
				905B563B2A27742800FBDF66 /* CategoryListViewController */,
				905B56402A27782000FBDF66 /* PriceTextFieldCell */,
				905B56452A277BC600FBDF66 /* DetailWriteFormCell */,
			);
			path = SubComponents;
			sourceTree = "<group>";
		};
		905B56332A27731C00FBDF66 /* TitleTextFieldCell */ = {
			isa = PBXGroup;
			children = (
				905B56342A27734100FBDF66 /* TitleTextFieldCell.swift */,
				905B56362A27735000FBDF66 /* TitleTextFieldViewModel.swift */,
			);
			path = TitleTextFieldCell;
			sourceTree = "<group>";
		};
		905B56382A2773AA00FBDF66 /* Entities */ = {
			isa = PBXGroup;
			children = (
				905B56392A2773BC00FBDF66 /* Category.swift */,
			);
			path = Entities;
			sourceTree = "<group>";
		};
		905B563B2A27742800FBDF66 /* CategoryListViewController */ = {
			isa = PBXGroup;
			children = (
				905B563C2A27755100FBDF66 /* CategoryListViewController.swift */,
				905B563E2A27755F00FBDF66 /* CategoryListViewModel.swift */,
			);
			path = CategoryListViewController;
			sourceTree = "<group>";
		};
		905B56402A27782000FBDF66 /* PriceTextFieldCell */ = {
			isa = PBXGroup;
			children = (
				905B56412A27783D00FBDF66 /* PriceTextFieldCell.swift */,
				905B56432A27784D00FBDF66 /* PriceTextFieldViewModel.swift */,
			);
			path = PriceTextFieldCell;
			sourceTree = "<group>";
		};
		905B56452A277BC600FBDF66 /* DetailWriteFormCell */ = {
			isa = PBXGroup;
			children = (
				905B56462A277BE800FBDF66 /* DetailWriteFormCell.swift */,
				905B56482A277BF700FBDF66 /* DetailWriteFromViewModel.swift */,
			);
			path = DetailWriteFormCell;
			sourceTree = "<group>";
		};
/* End PBXGroup section */

/* Begin PBXNativeTarget section */
		905B560B2A276DE700FBDF66 /* UploadUsedGoodsApp */ = {
			isa = PBXNativeTarget;
			buildConfigurationList = 905B56202A276DE800FBDF66 /* Build configuration list for PBXNativeTarget "UploadUsedGoodsApp" */;
			buildPhases = (
				905B56082A276DE700FBDF66 /* Sources */,
				905B56092A276DE700FBDF66 /* Frameworks */,
				905B560A2A276DE700FBDF66 /* Resources */,
			);
			buildRules = (
			);
			dependencies = (
			);
			name = UploadUsedGoodsApp;
			packageProductDependencies = (
				905B56272A276FD200FBDF66 /* RxCocoa */,
				905B56292A276FD200FBDF66 /* RxRelay */,
				905B562B2A276FD200FBDF66 /* RxSwift */,
				905B562E2A276FEA00FBDF66 /* SnapKit */,
			);
			productName = UploadUsedGoodsApp;
			productReference = 905B560C2A276DE700FBDF66 /* UploadUsedGoodsApp.app */;
			productType = "com.apple.product-type.application";
		};
/* End PBXNativeTarget section */

/* Begin PBXProject section */
		905B56042A276DE700FBDF66 /* Project object */ = {
			isa = PBXProject;
			attributes = {
				BuildIndependentTargetsInParallel = 1;
				LastSwiftUpdateCheck = 1430;
				LastUpgradeCheck = 1430;
				TargetAttributes = {
					905B560B2A276DE700FBDF66 = {
						CreatedOnToolsVersion = 14.3;
					};
				};
			};
			buildConfigurationList = 905B56072A276DE700FBDF66 /* Build configuration list for PBXProject "UploadUsedGoodsApp" */;
			compatibilityVersion = "Xcode 14.0";
			developmentRegion = en;
			hasScannedForEncodings = 0;
			knownRegions = (
				en,
				Base,
			);
			mainGroup = 905B56032A276DE700FBDF66;
			packageReferences = (
				905B56262A276FD200FBDF66 /* XCRemoteSwiftPackageReference "RxSwift" */,
				905B562D2A276FEA00FBDF66 /* XCRemoteSwiftPackageReference "SnapKit" */,
			);
			productRefGroup = 905B560D2A276DE700FBDF66 /* Products */;
			projectDirPath = "";
			projectRoot = "";
			targets = (
				905B560B2A276DE700FBDF66 /* UploadUsedGoodsApp */,
			);
		};
/* End PBXProject section */

/* Begin PBXResourcesBuildPhase section */
		905B560A2A276DE700FBDF66 /* Resources */ = {
			isa = PBXResourcesBuildPhase;
			buildActionMask = 2147483647;
			files = (
				905B561C2A276DE800FBDF66 /* LaunchScreen.storyboard in Resources */,
				905B56192A276DE800FBDF66 /* Assets.xcassets in Resources */,
			);
			runOnlyForDeploymentPostprocessing = 0;
		};
/* End PBXResourcesBuildPhase section */

/* Begin PBXSourcesBuildPhase section */
		905B56082A276DE700FBDF66 /* Sources */ = {
			isa = PBXSourcesBuildPhase;
			buildActionMask = 2147483647;
			files = (
				905B563D2A27755100FBDF66 /* CategoryListViewController.swift in Sources */,
				905B56422A27783D00FBDF66 /* PriceTextFieldCell.swift in Sources */,
				905B56252A276EDC00FBDF66 /* MainViewController.swift in Sources */,
				905B56102A276DE700FBDF66 /* AppDelegate.swift in Sources */,
				905B56122A276DE700FBDF66 /* SceneDelegate.swift in Sources */,
				905B56372A27735000FBDF66 /* TitleTextFieldViewModel.swift in Sources */,
				905B56352A27734100FBDF66 /* TitleTextFieldCell.swift in Sources */,
				905B56312A27709400FBDF66 /* MainViewModel.swift in Sources */,
				905B56442A27784D00FBDF66 /* PriceTextFieldViewModel.swift in Sources */,
				905B563A2A2773BC00FBDF66 /* Category.swift in Sources */,
				905B564B2A277FB300FBDF66 /* MainModel.swift in Sources */,
				905B56492A277BF700FBDF66 /* DetailWriteFromViewModel.swift in Sources */,
				905B56472A277BE800FBDF66 /* DetailWriteFormCell.swift in Sources */,
				905B563F2A27755F00FBDF66 /* CategoryListViewModel.swift in Sources */,
			);
			runOnlyForDeploymentPostprocessing = 0;
		};
/* End PBXSourcesBuildPhase section */

/* Begin PBXVariantGroup section */
		905B561A2A276DE800FBDF66 /* LaunchScreen.storyboard */ = {
			isa = PBXVariantGroup;
			children = (
				905B561B2A276DE800FBDF66 /* Base */,
			);
			name = LaunchScreen.storyboard;
			sourceTree = "<group>";
		};
/* End PBXVariantGroup section */

/* Begin XCBuildConfiguration section */
		905B561E2A276DE800FBDF66 /* Debug */ = {
			isa = XCBuildConfiguration;
			buildSettings = {
				ALWAYS_SEARCH_USER_PATHS = NO;
				CLANG_ANALYZER_NONNULL = YES;
				CLANG_ANALYZER_NUMBER_OBJECT_CONVERSION = YES_AGGRESSIVE;
				CLANG_CXX_LANGUAGE_STANDARD = "gnu++20";
				CLANG_ENABLE_MODULES = YES;
				CLANG_ENABLE_OBJC_ARC = YES;
				CLANG_ENABLE_OBJC_WEAK = YES;
				CLANG_WARN_BLOCK_CAPTURE_AUTORELEASING = YES;
				CLANG_WARN_BOOL_CONVERSION = YES;
				CLANG_WARN_COMMA = YES;
				CLANG_WARN_CONSTANT_CONVERSION = YES;
				CLANG_WARN_DEPRECATED_OBJC_IMPLEMENTATIONS = YES;
				CLANG_WARN_DIRECT_OBJC_ISA_USAGE = YES_ERROR;
				CLANG_WARN_DOCUMENTATION_COMMENTS = YES;
				CLANG_WARN_EMPTY_BODY = YES;
				CLANG_WARN_ENUM_CONVERSION = YES;
				CLANG_WARN_INFINITE_RECURSION = YES;
				CLANG_WARN_INT_CONVERSION = YES;
				CLANG_WARN_NON_LITERAL_NULL_CONVERSION = YES;
				CLANG_WARN_OBJC_IMPLICIT_RETAIN_SELF = YES;
				CLANG_WARN_OBJC_LITERAL_CONVERSION = YES;
				CLANG_WARN_OBJC_ROOT_CLASS = YES_ERROR;
				CLANG_WARN_QUOTED_INCLUDE_IN_FRAMEWORK_HEADER = YES;
				CLANG_WARN_RANGE_LOOP_ANALYSIS = YES;
				CLANG_WARN_STRICT_PROTOTYPES = YES;
				CLANG_WARN_SUSPICIOUS_MOVE = YES;
				CLANG_WARN_UNGUARDED_AVAILABILITY = YES_AGGRESSIVE;
				CLANG_WARN_UNREACHABLE_CODE = YES;
				CLANG_WARN__DUPLICATE_METHOD_MATCH = YES;
				COPY_PHASE_STRIP = NO;
				DEBUG_INFORMATION_FORMAT = dwarf;
				ENABLE_STRICT_OBJC_MSGSEND = YES;
				ENABLE_TESTABILITY = YES;
				GCC_C_LANGUAGE_STANDARD = gnu11;
				GCC_DYNAMIC_NO_PIC = NO;
				GCC_NO_COMMON_BLOCKS = YES;
				GCC_OPTIMIZATION_LEVEL = 0;
				GCC_PREPROCESSOR_DEFINITIONS = (
					"DEBUG=1",
					"$(inherited)",
				);
				GCC_WARN_64_TO_32_BIT_CONVERSION = YES;
				GCC_WARN_ABOUT_RETURN_TYPE = YES_ERROR;
				GCC_WARN_UNDECLARED_SELECTOR = YES;
				GCC_WARN_UNINITIALIZED_AUTOS = YES_AGGRESSIVE;
				GCC_WARN_UNUSED_FUNCTION = YES;
				GCC_WARN_UNUSED_VARIABLE = YES;
				IPHONEOS_DEPLOYMENT_TARGET = 16.4;
				MTL_ENABLE_DEBUG_INFO = INCLUDE_SOURCE;
				MTL_FAST_MATH = YES;
				ONLY_ACTIVE_ARCH = YES;
				SDKROOT = iphoneos;
				SWIFT_ACTIVE_COMPILATION_CONDITIONS = DEBUG;
				SWIFT_OPTIMIZATION_LEVEL = "-Onone";
			};
			name = Debug;
		};
		905B561F2A276DE800FBDF66 /* Release */ = {
			isa = XCBuildConfiguration;
			buildSettings = {
				ALWAYS_SEARCH_USER_PATHS = NO;
				CLANG_ANALYZER_NONNULL = YES;
				CLANG_ANALYZER_NUMBER_OBJECT_CONVERSION = YES_AGGRESSIVE;
				CLANG_CXX_LANGUAGE_STANDARD = "gnu++20";
				CLANG_ENABLE_MODULES = YES;
				CLANG_ENABLE_OBJC_ARC = YES;
				CLANG_ENABLE_OBJC_WEAK = YES;
				CLANG_WARN_BLOCK_CAPTURE_AUTORELEASING = YES;
				CLANG_WARN_BOOL_CONVERSION = YES;
				CLANG_WARN_COMMA = YES;
				CLANG_WARN_CONSTANT_CONVERSION = YES;
				CLANG_WARN_DEPRECATED_OBJC_IMPLEMENTATIONS = YES;
				CLANG_WARN_DIRECT_OBJC_ISA_USAGE = YES_ERROR;
				CLANG_WARN_DOCUMENTATION_COMMENTS = YES;
				CLANG_WARN_EMPTY_BODY = YES;
				CLANG_WARN_ENUM_CONVERSION = YES;
				CLANG_WARN_INFINITE_RECURSION = YES;
				CLANG_WARN_INT_CONVERSION = YES;
				CLANG_WARN_NON_LITERAL_NULL_CONVERSION = YES;
				CLANG_WARN_OBJC_IMPLICIT_RETAIN_SELF = YES;
				CLANG_WARN_OBJC_LITERAL_CONVERSION = YES;
				CLANG_WARN_OBJC_ROOT_CLASS = YES_ERROR;
				CLANG_WARN_QUOTED_INCLUDE_IN_FRAMEWORK_HEADER = YES;
				CLANG_WARN_RANGE_LOOP_ANALYSIS = YES;
				CLANG_WARN_STRICT_PROTOTYPES = YES;
				CLANG_WARN_SUSPICIOUS_MOVE = YES;
				CLANG_WARN_UNGUARDED_AVAILABILITY = YES_AGGRESSIVE;
				CLANG_WARN_UNREACHABLE_CODE = YES;
				CLANG_WARN__DUPLICATE_METHOD_MATCH = YES;
				COPY_PHASE_STRIP = NO;
				DEBUG_INFORMATION_FORMAT = "dwarf-with-dsym";
				ENABLE_NS_ASSERTIONS = NO;
				ENABLE_STRICT_OBJC_MSGSEND = YES;
				GCC_C_LANGUAGE_STANDARD = gnu11;
				GCC_NO_COMMON_BLOCKS = YES;
				GCC_WARN_64_TO_32_BIT_CONVERSION = YES;
				GCC_WARN_ABOUT_RETURN_TYPE = YES_ERROR;
				GCC_WARN_UNDECLARED_SELECTOR = YES;
				GCC_WARN_UNINITIALIZED_AUTOS = YES_AGGRESSIVE;
				GCC_WARN_UNUSED_FUNCTION = YES;
				GCC_WARN_UNUSED_VARIABLE = YES;
				IPHONEOS_DEPLOYMENT_TARGET = 16.4;
				MTL_ENABLE_DEBUG_INFO = NO;
				MTL_FAST_MATH = YES;
				SDKROOT = iphoneos;
				SWIFT_COMPILATION_MODE = wholemodule;
				SWIFT_OPTIMIZATION_LEVEL = "-O";
				VALIDATE_PRODUCT = YES;
			};
			name = Release;
		};
		905B56212A276DE800FBDF66 /* Debug */ = {
			isa = XCBuildConfiguration;
			buildSettings = {
				ASSETCATALOG_COMPILER_APPICON_NAME = AppIcon;
				ASSETCATALOG_COMPILER_GLOBAL_ACCENT_COLOR_NAME = AccentColor;
				CODE_SIGN_STYLE = Automatic;
				CURRENT_PROJECT_VERSION = 1;
				DEVELOPMENT_TEAM = 839W2CPX46;
				GENERATE_INFOPLIST_FILE = YES;
				INFOPLIST_FILE = UploadUsedGoodsApp/Info.plist;
				INFOPLIST_KEY_UIApplicationSupportsIndirectInputEvents = YES;
				INFOPLIST_KEY_UILaunchStoryboardName = LaunchScreen;
				INFOPLIST_KEY_UISupportedInterfaceOrientations_iPad = "UIInterfaceOrientationPortrait UIInterfaceOrientationPortraitUpsideDown UIInterfaceOrientationLandscapeLeft UIInterfaceOrientationLandscapeRight";
				INFOPLIST_KEY_UISupportedInterfaceOrientations_iPhone = "UIInterfaceOrientationPortrait UIInterfaceOrientationLandscapeLeft UIInterfaceOrientationLandscapeRight";
				IPHONEOS_DEPLOYMENT_TARGET = 16.3;
				LD_RUNPATH_SEARCH_PATHS = (
					"$(inherited)",
					"@executable_path/Frameworks",
				);
				MARKETING_VERSION = 1.0;
				PRODUCT_BUNDLE_IDENTIFIER = kr.co.hellojoyworld.UploadUsedGoodsApp;
				PRODUCT_NAME = "$(TARGET_NAME)";
				SWIFT_EMIT_LOC_STRINGS = YES;
				SWIFT_VERSION = 5.0;
				TARGETED_DEVICE_FAMILY = "1,2";
			};
			name = Debug;
		};
		905B56222A276DE800FBDF66 /* Release */ = {
			isa = XCBuildConfiguration;
			buildSettings = {
				ASSETCATALOG_COMPILER_APPICON_NAME = AppIcon;
				ASSETCATALOG_COMPILER_GLOBAL_ACCENT_COLOR_NAME = AccentColor;
				CODE_SIGN_STYLE = Automatic;
				CURRENT_PROJECT_VERSION = 1;
				DEVELOPMENT_TEAM = 839W2CPX46;
				GENERATE_INFOPLIST_FILE = YES;
				INFOPLIST_FILE = UploadUsedGoodsApp/Info.plist;
				INFOPLIST_KEY_UIApplicationSupportsIndirectInputEvents = YES;
				INFOPLIST_KEY_UILaunchStoryboardName = LaunchScreen;
				INFOPLIST_KEY_UISupportedInterfaceOrientations_iPad = "UIInterfaceOrientationPortrait UIInterfaceOrientationPortraitUpsideDown UIInterfaceOrientationLandscapeLeft UIInterfaceOrientationLandscapeRight";
				INFOPLIST_KEY_UISupportedInterfaceOrientations_iPhone = "UIInterfaceOrientationPortrait UIInterfaceOrientationLandscapeLeft UIInterfaceOrientationLandscapeRight";
				IPHONEOS_DEPLOYMENT_TARGET = 16.3;
				LD_RUNPATH_SEARCH_PATHS = (
					"$(inherited)",
					"@executable_path/Frameworks",
				);
				MARKETING_VERSION = 1.0;
				PRODUCT_BUNDLE_IDENTIFIER = kr.co.hellojoyworld.UploadUsedGoodsApp;
				PRODUCT_NAME = "$(TARGET_NAME)";
				SWIFT_EMIT_LOC_STRINGS = YES;
				SWIFT_VERSION = 5.0;
				TARGETED_DEVICE_FAMILY = "1,2";
			};
			name = Release;
		};
/* End XCBuildConfiguration section */

/* Begin XCConfigurationList section */
		905B56072A276DE700FBDF66 /* Build configuration list for PBXProject "UploadUsedGoodsApp" */ = {
			isa = XCConfigurationList;
			buildConfigurations = (
				905B561E2A276DE800FBDF66 /* Debug */,
				905B561F2A276DE800FBDF66 /* Release */,
			);
			defaultConfigurationIsVisible = 0;
			defaultConfigurationName = Release;
		};
		905B56202A276DE800FBDF66 /* Build configuration list for PBXNativeTarget "UploadUsedGoodsApp" */ = {
			isa = XCConfigurationList;
			buildConfigurations = (
				905B56212A276DE800FBDF66 /* Debug */,
				905B56222A276DE800FBDF66 /* Release */,
			);
			defaultConfigurationIsVisible = 0;
			defaultConfigurationName = Release;
		};
/* End XCConfigurationList section */

/* Begin XCRemoteSwiftPackageReference section */
		905B56262A276FD200FBDF66 /* XCRemoteSwiftPackageReference "RxSwift" */ = {
			isa = XCRemoteSwiftPackageReference;
			repositoryURL = "https://github.com/ReactiveX/RxSwift";
			requirement = {
				kind = upToNextMajorVersion;
				minimumVersion = 6.0.0;
			};
		};
		905B562D2A276FEA00FBDF66 /* XCRemoteSwiftPackageReference "SnapKit" */ = {
			isa = XCRemoteSwiftPackageReference;
			repositoryURL = "https://github.com/SnapKit/SnapKit";
			requirement = {
				kind = upToNextMajorVersion;
				minimumVersion = 5.0.0;
			};
		};
/* End XCRemoteSwiftPackageReference section */

/* Begin XCSwiftPackageProductDependency section */
		905B56272A276FD200FBDF66 /* RxCocoa */ = {
			isa = XCSwiftPackageProductDependency;
			package = 905B56262A276FD200FBDF66 /* XCRemoteSwiftPackageReference "RxSwift" */;
			productName = RxCocoa;
		};
		905B56292A276FD200FBDF66 /* RxRelay */ = {
			isa = XCSwiftPackageProductDependency;
			package = 905B56262A276FD200FBDF66 /* XCRemoteSwiftPackageReference "RxSwift" */;
			productName = RxRelay;
		};
		905B562B2A276FD200FBDF66 /* RxSwift */ = {
			isa = XCSwiftPackageProductDependency;
			package = 905B56262A276FD200FBDF66 /* XCRemoteSwiftPackageReference "RxSwift" */;
			productName = RxSwift;
		};
		905B562E2A276FEA00FBDF66 /* SnapKit */ = {
			isa = XCSwiftPackageProductDependency;
			package = 905B562D2A276FEA00FBDF66 /* XCRemoteSwiftPackageReference "SnapKit" */;
			productName = SnapKit;
		};
/* End XCSwiftPackageProductDependency section */
	};
	rootObject = 905B56042A276DE700FBDF66 /* Project object */;
}
